# THIS IS AN AUTOGENERATED FILE. DO NOT EDIT THIS FILE DIRECTLY.
# yarn lockfile v1


"2key-ratchet@^1.0.18":
  version "1.0.18"
  resolved "https://registry.yarnpkg.com/2key-ratchet/-/2key-ratchet-1.0.18.tgz#5fed3a086106e577bc3e841ee23507f96d4d2c94"
  integrity sha512-OJ7Lbc73cwUHyMu/tDGLp9r6r8MSBcpdmQkJIj8rP3EHJ0KA3wKiTRngoSa/di1G4KT/ZZgWd9WjtJJ6Q3IoDw==
  dependencies:
    pvtsutils "^1.0.10"
    tslib "^1.13.0"
    tsprotobuf "^1.0.15"

"@peculiar/asn1-schema@^2.0.12", "@peculiar/asn1-schema@^2.0.26":
  version "2.0.27"
  resolved "https://registry.yarnpkg.com/@peculiar/asn1-schema/-/asn1-schema-2.0.27.tgz#1ee3b2b869ff3200bcc8ec60e6c87bd5a6f03fe0"
  integrity sha512-1tIx7iL3Ma3HtnNS93nB7nhyI0soUJypElj9owd4tpMrRDmeJ8eZubsdq1sb0KSaCs5RqZNoABCP6m5WtnlVhQ==
  dependencies:
    "@types/asn1js" "^2.0.0"
    asn1js "^2.0.26"
    pvtsutils "^1.1.1"
    tslib "^2.0.3"

"@peculiar/json-schema@^1.1.12":
  version "1.1.12"
  resolved "https://registry.yarnpkg.com/@peculiar/json-schema/-/json-schema-1.1.12.tgz#fe61e85259e3b5ba5ad566cb62ca75b3d3cd5339"
  integrity sha512-coUfuoMeIB7B8/NMekxaDzLhaYmp0HZNPEjYRm9goRou8UZIC3z21s0sL9AWoCw4EG876QyO3kYrc61WNF9B/w==
  dependencies:
    tslib "^2.0.0"

"@peculiar/webcrypto@^1.1.4":
  version "1.1.4"
  resolved "https://registry.yarnpkg.com/@peculiar/webcrypto/-/webcrypto-1.1.4.tgz#cbbe2195e5e6f879780bdac9a66bcbaca75c483c"
  integrity sha512-gEVxfbseFDV0Za3AmjTrRB+wigEMOejHDzoo571e8/YWD33Ejmk0XPF3+G+VaN8+5C5IWZx4CPvxQZ7mF2dvNA==
  dependencies:
    "@peculiar/asn1-schema" "^2.0.26"
    "@peculiar/json-schema" "^1.1.12"
    pvtsutils "^1.1.1"
    tslib "^2.0.3"
    webcrypto-core "^1.1.8"

"@protobufjs/aspromise@^1.1.1", "@protobufjs/aspromise@^1.1.2":
  version "1.1.2"
  resolved "https://registry.yarnpkg.com/@protobufjs/aspromise/-/aspromise-1.1.2.tgz#9b8b0cc663d669a7d8f6f5d0893a14d348f30fbf"
  integrity sha1-m4sMxmPWaafY9vXQiToU00jzD78=

"@protobufjs/base64@^1.1.2":
  version "1.1.2"
  resolved "https://registry.yarnpkg.com/@protobufjs/base64/-/base64-1.1.2.tgz#4c85730e59b9a1f1f349047dbf24296034bb2735"
  integrity sha512-AZkcAA5vnN/v4PDqKyMR5lx7hZttPDgClv83E//FMNhR2TMcLUhfRUBHCmSl0oi9zMgDDqRUJkSxO3wm85+XLg==

"@protobufjs/codegen@^2.0.4":
  version "2.0.4"
  resolved "https://registry.yarnpkg.com/@protobufjs/codegen/-/codegen-2.0.4.tgz#7ef37f0d010fb028ad1ad59722e506d9262815cb"
  integrity sha512-YyFaikqM5sH0ziFZCN3xDC7zeGaB/d0IUb9CATugHWbd1FRFwWwt4ld4OYMPWu5a3Xe01mGAULCdqhMlPl29Jg==

"@protobufjs/eventemitter@^1.1.0":
  version "1.1.0"
  resolved "https://registry.yarnpkg.com/@protobufjs/eventemitter/-/eventemitter-1.1.0.tgz#355cbc98bafad5978f9ed095f397621f1d066b70"
  integrity sha1-NVy8mLr61ZePntCV85diHx0Ga3A=

"@protobufjs/fetch@^1.1.0":
  version "1.1.0"
  resolved "https://registry.yarnpkg.com/@protobufjs/fetch/-/fetch-1.1.0.tgz#ba99fb598614af65700c1619ff06d454b0d84c45"
  integrity sha1-upn7WYYUr2VwDBYZ/wbUVLDYTEU=
  dependencies:
    "@protobufjs/aspromise" "^1.1.1"
    "@protobufjs/inquire" "^1.1.0"

"@protobufjs/float@^1.0.2":
  version "1.0.2"
  resolved "https://registry.yarnpkg.com/@protobufjs/float/-/float-1.0.2.tgz#5e9e1abdcb73fc0a7cb8b291df78c8cbd97b87d1"
  integrity sha1-Xp4avctz/Ap8uLKR33jIy9l7h9E=

"@protobufjs/inquire@^1.1.0":
  version "1.1.0"
  resolved "https://registry.yarnpkg.com/@protobufjs/inquire/-/inquire-1.1.0.tgz#ff200e3e7cf2429e2dcafc1140828e8cc638f089"
  integrity sha1-/yAOPnzyQp4tyvwRQIKOjMY48Ik=

"@protobufjs/path@^1.1.2":
  version "1.1.2"
  resolved "https://registry.yarnpkg.com/@protobufjs/path/-/path-1.1.2.tgz#6cc2b20c5c9ad6ad0dccfd21ca7673d8d7fbf68d"
  integrity sha1-bMKyDFya1q0NzP0hynZz2Nf79o0=

"@protobufjs/pool@^1.1.0":
  version "1.1.0"
  resolved "https://registry.yarnpkg.com/@protobufjs/pool/-/pool-1.1.0.tgz#09fd15f2d6d3abfa9b65bc366506d6ad7846ff54"
  integrity sha1-Cf0V8tbTq/qbZbw2ZQbWrXhG/1Q=

"@protobufjs/utf8@^1.1.0":
  version "1.1.0"
  resolved "https://registry.yarnpkg.com/@protobufjs/utf8/-/utf8-1.1.0.tgz#a777360b5b39a1a2e5106f8e858f2fd2d060c570"
  integrity sha1-p3c2C1s5oaLlEG+OhY8v0tBgxXA=

"@types/asn1js@^2.0.0":
  version "2.0.0"
  resolved "https://registry.yarnpkg.com/@types/asn1js/-/asn1js-2.0.0.tgz#10ca75692575744d0117098148a8dc84cbee6682"
  integrity sha512-Jjzp5EqU0hNpADctc/UqhiFbY1y2MqIxBVa2S4dBlbnZHTLPMuggoL5q43X63LpsOIINRDirBjP56DUUKIUWIA==

"@types/long@^4.0.1":
  version "4.0.1"
  resolved "https://registry.yarnpkg.com/@types/long/-/long-4.0.1.tgz#459c65fa1867dafe6a8f322c4c51695663cc55e9"
  integrity sha512-5tXH6Bx/kNGd3MgffdmP4dy2Z+G4eaXw0SE81Tq3BNadtnMR5/ySMzX4SLEzHJzSmPNn4HIdpQsBvXMUykr58w==

"@types/node@^13.7.0":
  version "13.13.34"
  resolved "https://registry.yarnpkg.com/@types/node/-/node-13.13.34.tgz#c9300a1b6560d90817fb2bba650e250116a575f9"
  integrity sha512-g8D1HF2dMDKYSDl5+79izRwRgNPsSynmWMbj50mj7GZ0b7Lv4p8EmZjbo3h0h+6iLr6YmVz9VnF6XVZ3O6V1Ug==

asn1js@^2.0.26:
  version "2.0.26"
  resolved "https://registry.yarnpkg.com/asn1js/-/asn1js-2.0.26.tgz#0a6d435000f556a96c6012969d9704d981b71251"
  integrity sha512-yG89F0j9B4B0MKIcFyWWxnpZPLaNTjCj4tkE3fjbAoo0qmpGw0PYYqSbX/4ebnd9Icn8ZgK4K1fvDyEtW1JYtQ==
  dependencies:
    pvutils latest

long@^4.0.0:
  version "4.0.0"
  resolved "https://registry.yarnpkg.com/long/-/long-4.0.0.tgz#9a7b71cfb7d361a194ea555241c92f7468d5bf28"
  integrity sha512-XsP+KhQif4bjX1kbuSiySJFNAehNxgLb6hPRGJ9QsUr8ajHkuXGdrHmFUTUUXhDwVX2R5bY4JNZEwbUiMhV+MA==

protobufjs@^6.10.1:
  version "6.10.2"
  resolved "https://registry.yarnpkg.com/protobufjs/-/protobufjs-6.10.2.tgz#b9cb6bd8ec8f87514592ba3fdfd28e93f33a469b"
  integrity sha512-27yj+04uF6ya9l+qfpH187aqEzfCF4+Uit0I9ZBQVqK09hk/SQzKa2MUqUpXaVa7LOFRg1TSSr3lVxGOk6c0SQ==
  dependencies:
    "@protobufjs/aspromise" "^1.1.2"
    "@protobufjs/base64" "^1.1.2"
    "@protobufjs/codegen" "^2.0.4"
    "@protobufjs/eventemitter" "^1.1.0"
    "@protobufjs/fetch" "^1.1.0"
    "@protobufjs/float" "^1.0.2"
    "@protobufjs/inquire" "^1.1.0"
    "@protobufjs/path" "^1.1.2"
    "@protobufjs/pool" "^1.1.0"
    "@protobufjs/utf8" "^1.1.0"
    "@types/long" "^4.0.1"
    "@types/node" "^13.7.0"
    long "^4.0.0"

pvtsutils@^1.0.10, pvtsutils@^1.0.11, pvtsutils@^1.1.1:
  version "1.1.1"
  resolved "https://registry.yarnpkg.com/pvtsutils/-/pvtsutils-1.1.1.tgz#22c2d7689139d2c36d7ef3ac3d5e29bcd818d38a"
  integrity sha512-Evbhe6L4Sxwu4SPLQ4LQZhgfWDQO3qa1lju9jM5cxsQp8vE10VipcSmo7hiJW48TmiHgVLgDtC2TL6/+ND+IVg==
  dependencies:
    tslib "^2.0.3"

pvutils@latest:
  version "1.0.17"
  resolved "https://registry.yarnpkg.com/pvutils/-/pvutils-1.0.17.tgz#ade3c74dfe7178944fe44806626bd2e249d996bf"
  integrity sha512-wLHYUQxWaXVQvKnwIDWFVKDJku9XDCvyhhxoq8dc5MFdIlRenyPI9eSfEtcvgHgD7FlvCyGAlWgOzRnZD99GZQ==

tslib@^1.13.0:
  version "1.14.1"
  resolved "https://registry.yarnpkg.com/tslib/-/tslib-1.14.1.tgz#cf2d38bdc34a134bcaf1091c41f6619e2f672d00"
  integrity sha512-Xni35NKzjgMrwevysHTCArtLDpPvye8zV/0E4EyYn43P7/7qvQwPh9BGkHewbMulVntbigmcT7rdX3BNo9wRJg==

tslib@^2.0.0, tslib@^2.0.1, tslib@^2.0.3:
  version "2.0.3"
  resolved "https://registry.yarnpkg.com/tslib/-/tslib-2.0.3.tgz#8e0741ac45fc0c226e58a17bfc3e64b9bc6ca61c"
  integrity sha512-uZtkfKblCEQtZKBF6EBXVZeQNl82yqtDQdv+eck8u7tdPxjLu2/lp5/uPW+um2tpuxINHWy3GhiccY7QgEaVHQ==

tsprotobuf@^1.0.15:
  version "1.0.16"
  resolved "https://registry.yarnpkg.com/tsprotobuf/-/tsprotobuf-1.0.16.tgz#83195751635902a68bea973e168fb3fb9b7b1f93"
  integrity sha512-FNYePQe/KIJe6/FSJfzFlZT/Ud2DuaAZWBPd+X1fxhelmsh/3z3ceKllk7diDTRE5JsbH00vdFUfkoySk73JCA==
  dependencies:
    "@types/long" "^4.0.1"
    protobufjs "^6.10.1"
    pvtsutils "^1.0.11"
    tslib "^2.0.0"

webcrypto-core@^1.1.8:
  version "1.1.8"
  resolved "https://registry.yarnpkg.com/webcrypto-core/-/webcrypto-core-1.1.8.tgz#91720c07f4f2edd181111b436647ea5a282af0a9"
  integrity sha512-hKnFXsqh0VloojNeTfrwFoRM4MnaWzH6vtXcaFcGjPEu+8HmBdQZnps3/2ikOFqS8bJN1RYr6mI2P/FJzyZnXg==
  dependencies:
    "@peculiar/asn1-schema" "^2.0.12"
    "@peculiar/json-schema" "^1.1.12"
    asn1js "^2.0.26"
    pvtsutils "^1.0.11"
    tslib "^2.0.1"
